
Microsoft Visual Studio Solution File, Format Version 12.00
# Visual Studio Version 17
VisualStudioVersion = 17.0.31903.59
MinimumVisualStudioVersion = 10.0.40219.1
Project("{FAE04EC0-301F-11D3-BF4B-00C04F79EFBC}") = "ChatBot.API", "ChatBot.API\ChatBot.API.csproj", "{D2F70D6C-F68E-4AD9-8518-278B9CAF277C}"
EndProject
Project("{FAE04EC0-301F-11D3-BF4B-00C04F79EFBC}") = "ChatBot.Core", "ChatBot.Core\ChatBot.Core.csproj", "{1F9D61AD-2E55-4A95-A3AA-E8C10620D781}"
EndProject
Project("{FAE04EC0-301F-11D3-BF4B-00C04F79EFBC}") = "ChatBot.Infrastructure", "ChatBot.Infrastructure\ChatBot.Infrastructure.csproj", "{117EF6A3-FF46-4F41-88E3-882B7FE4C18A}"
EndProject
Project("{FAE04EC0-301F-11D3-BF4B-00C04F79EFBC}") = "ChatBot.Tests", "ChatBot.Tests\ChatBot.Tests.csproj", "{3BD151CC-7BA3-44F3-A274-72BC01FEC928}"
EndProject
Global
	GlobalSection(SolutionConfigurationPlatforms) = preSolution
		Debug|Any CPU = Debug|Any CPU
		Debug|x64 = Debug|x64
		Debug|x86 = Debug|x86
		Release|Any CPU = Release|Any CPU
		Release|x64 = Release|x64
		Release|x86 = Release|x86
	EndGlobalSection
	GlobalSection(ProjectConfigurationPlatforms) = postSolution
		{D2F70D6C-F68E-4AD9-8518-278B9CAF277C}.Debug|Any CPU.ActiveCfg = Debug|Any CPU
		{D2F70D6C-F68E-4AD9-8518-278B9CAF277C}.Debug|Any CPU.Build.0 = Debug|Any CPU
		{D2F70D6C-F68E-4AD9-8518-278B9CAF277C}.Debug|x64.ActiveCfg = Debug|Any CPU
		{D2F70D6C-F68E-4AD9-8518-278B9CAF277C}.Debug|x64.Build.0 = Debug|Any CPU
		{D2F70D6C-F68E-4AD9-8518-278B9CAF277C}.Debug|x86.ActiveCfg = Debug|Any CPU
		{D2F70D6C-F68E-4AD9-8518-278B9CAF277C}.Debug|x86.Build.0 = Debug|Any CPU
		{D2F70D6C-F68E-4AD9-8518-278B9CAF277C}.Release|Any CPU.ActiveCfg = Release|Any CPU
		{D2F70D6C-F68E-4AD9-8518-278B9CAF277C}.Release|Any CPU.Build.0 = Release|Any CPU
		{D2F70D6C-F68E-4AD9-8518-278B9CAF277C}.Release|x64.ActiveCfg = Release|Any CPU
		{D2F70D6C-F68E-4AD9-8518-278B9CAF277C}.Release|x64.Build.0 = Release|Any CPU
		{D2F70D6C-F68E-4AD9-8518-278B9CAF277C}.Release|x86.ActiveCfg = Release|Any CPU
		{D2F70D6C-F68E-4AD9-8518-278B9CAF277C}.Release|x86.Build.0 = Release|Any CPU
		{1F9D61AD-2E55-4A95-A3AA-E8C10620D781}.Debug|Any CPU.ActiveCfg = Debug|Any CPU
		{1F9D61AD-2E55-4A95-A3AA-E8C10620D781}.Debug|Any CPU.Build.0 = Debug|Any CPU
		{1F9D61AD-2E55-4A95-A3AA-E8C10620D781}.Debug|x64.ActiveCfg = Debug|Any CPU
		{1F9D61AD-2E55-4A95-A3AA-E8C10620D781}.Debug|x64.Build.0 = Debug|Any CPU
		{1F9D61AD-2E55-4A95-A3AA-E8C10620D781}.Debug|x86.ActiveCfg = Debug|Any CPU
		{1F9D61AD-2E55-4A95-A3AA-E8C10620D781}.Debug|x86.Build.0 = Debug|Any CPU
		{1F9D61AD-2E55-4A95-A3AA-E8C10620D781}.Release|Any CPU.ActiveCfg = Release|Any CPU
		{1F9D61AD-2E55-4A95-A3AA-E8C10620D781}.Release|Any CPU.Build.0 = Release|Any CPU
		{1F9D61AD-2E55-4A95-A3AA-E8C10620D781}.Release|x64.ActiveCfg = Release|Any CPU
		{1F9D61AD-2E55-4A95-A3AA-E8C10620D781}.Release|x64.Build.0 = Release|Any CPU
		{1F9D61AD-2E55-4A95-A3AA-E8C10620D781}.Release|x86.ActiveCfg = Release|Any CPU
		{1F9D61AD-2E55-4A95-A3AA-E8C10620D781}.Release|x86.Build.0 = Release|Any CPU
		{117EF6A3-FF46-4F41-88E3-882B7FE4C18A}.Debug|Any CPU.ActiveCfg = Debug|Any CPU
		{117EF6A3-FF46-4F41-88E3-882B7FE4C18A}.Debug|Any CPU.Build.0 = Debug|Any CPU
		{117EF6A3-FF46-4F41-88E3-882B7FE4C18A}.Debug|x64.ActiveCfg = Debug|Any CPU
		{117EF6A3-FF46-4F41-88E3-882B7FE4C18A}.Debug|x64.Build.0 = Debug|Any CPU
		{117EF6A3-FF46-4F41-88E3-882B7FE4C18A}.Debug|x86.ActiveCfg = Debug|Any CPU
		{117EF6A3-FF46-4F41-88E3-882B7FE4C18A}.Debug|x86.Build.0 = Debug|Any CPU
		{117EF6A3-FF46-4F41-88E3-882B7FE4C18A}.Release|Any CPU.ActiveCfg = Release|Any CPU
		{117EF6A3-FF46-4F41-88E3-882B7FE4C18A}.Release|Any CPU.Build.0 = Release|Any CPU
		{117EF6A3-FF46-4F41-88E3-882B7FE4C18A}.Release|x64.ActiveCfg = Release|Any CPU
		{117EF6A3-FF46-4F41-88E3-882B7FE4C18A}.Release|x64.Build.0 = Release|Any CPU
		{117EF6A3-FF46-4F41-88E3-882B7FE4C18A}.Release|x86.ActiveCfg = Release|Any CPU
		{117EF6A3-FF46-4F41-88E3-882B7FE4C18A}.Release|x86.Build.0 = Release|Any CPU
		{3BD151CC-7BA3-44F3-A274-72BC01FEC928}.Debug|Any CPU.ActiveCfg = Debug|Any CPU
		{3BD151CC-7BA3-44F3-A274-72BC01FEC928}.Debug|Any CPU.Build.0 = Debug|Any CPU
		{3BD151CC-7BA3-44F3-A274-72BC01FEC928}.Debug|x64.ActiveCfg = Debug|Any CPU
		{3BD151CC-7BA3-44F3-A274-72BC01FEC928}.Debug|x64.Build.0 = Debug|Any CPU
		{3BD151CC-7BA3-44F3-A274-72BC01FEC928}.Debug|x86.ActiveCfg = Debug|Any CPU
		{3BD151CC-7BA3-44F3-A274-72BC01FEC928}.Debug|x86.Build.0 = Debug|Any CPU
		{3BD151CC-7BA3-44F3-A274-72BC01FEC928}.Release|Any CPU.ActiveCfg = Release|Any CPU
		{3BD151CC-7BA3-44F3-A274-72BC01FEC928}.Release|Any CPU.Build.0 = Release|Any CPU
		{3BD151CC-7BA3-44F3-A274-72BC01FEC928}.Release|x64.ActiveCfg = Release|Any CPU
		{3BD151CC-7BA3-44F3-A274-72BC01FEC928}.Release|x64.Build.0 = Release|Any CPU
		{3BD151CC-7BA3-44F3-A274-72BC01FEC928}.Release|x86.ActiveCfg = Release|Any CPU
		{3BD151CC-7BA3-44F3-A274-72BC01FEC928}.Release|x86.Build.0 = Release|Any CPU
	EndGlobalSection
	GlobalSection(SolutionProperties) = preSolution
		HideSolutionNode = FALSE
	EndGlobalSection
EndGlobal
